// !$*UTF8*$!
{
	archiveVersion = 1;
	classes = {
	};
	objectVersion = 48;
	objects = {

/* Begin PBXBuildFile section */
		38975E1B1FA583B8007EBAE2 /* GoogleService-Info.plist in Resources */ = {isa = PBXBuildFile; fileRef = 38975E1A1FA583B8007EBAE2 /* GoogleService-Info.plist */; };
		38975E1D1FA599F2007EBAE2 /* DataService.swift in Sources */ = {isa = PBXBuildFile; fileRef = 38975E1C1FA599F2007EBAE2 /* DataService.swift */; };
		38975E1F1FA7E5A3007EBAE2 /* AuthVC.swift in Sources */ = {isa = PBXBuildFile; fileRef = 38975E1E1FA7E5A3007EBAE2 /* AuthVC.swift */; };
		38975E211FA7E5FD007EBAE2 /* LoginVC.swift in Sources */ = {isa = PBXBuildFile; fileRef = 38975E201FA7E5FD007EBAE2 /* LoginVC.swift */; };
		38975E231FA7E687007EBAE2 /* InsetTextField.swift in Sources */ = {isa = PBXBuildFile; fileRef = 38975E221FA7E687007EBAE2 /* InsetTextField.swift */; };
		38BAECBC1FA580390059502D /* AppDelegate.swift in Sources */ = {isa = PBXBuildFile; fileRef = 38BAECBB1FA580390059502D /* AppDelegate.swift */; };
		38BAECBE1FA580390059502D /* FeedsVC.swift in Sources */ = {isa = PBXBuildFile; fileRef = 38BAECBD1FA580390059502D /* FeedsVC.swift */; };
		38BAECC01FA580390059502D /* GroupsVC.swift in Sources */ = {isa = PBXBuildFile; fileRef = 38BAECBF1FA580390059502D /* GroupsVC.swift */; };
		38BAECC31FA580390059502D /* Main.storyboard in Resources */ = {isa = PBXBuildFile; fileRef = 38BAECC11FA580390059502D /* Main.storyboard */; };
		38BAECC51FA580390059502D /* Assets.xcassets in Resources */ = {isa = PBXBuildFile; fileRef = 38BAECC41FA580390059502D /* Assets.xcassets */; };
		38BAECC81FA580390059502D /* LaunchScreen.storyboard in Resources */ = {isa = PBXBuildFile; fileRef = 38BAECC61FA580390059502D /* LaunchScreen.storyboard */; };
		38D23B4C1FA905D100C9F2DA /* AuthService.swift in Sources */ = {isa = PBXBuildFile; fileRef = 38D23B4B1FA905D100C9F2DA /* AuthService.swift */; };
		4E30A54E49965C8F18BADBCB /* Pods_Breakpoint.framework in Frameworks */ = {isa = PBXBuildFile; fileRef = 0936D8FA04CA78B19024505E /* Pods_Breakpoint.framework */; };
/* End PBXBuildFile section */

/* Begin PBXFileReference section */
		0936D8FA04CA78B19024505E /* Pods_Breakpoint.framework */ = {isa = PBXFileReference; explicitFileType = wrapper.framework; includeInIndex = 0; path = Pods_Breakpoint.framework; sourceTree = BUILT_PRODUCTS_DIR; };
		15177C986AE0E1432DC2918C /* Pods-Breakpoint.release.xcconfig */ = {isa = PBXFileReference; includeInIndex = 1; lastKnownFileType = text.xcconfig; name = "Pods-Breakpoint.release.xcconfig"; path = "Pods/Target Support Files/Pods-Breakpoint/Pods-Breakpoint.release.xcconfig"; sourceTree = "<group>"; };
		38975E1A1FA583B8007EBAE2 /* GoogleService-Info.plist */ = {isa = PBXFileReference; fileEncoding = 4; lastKnownFileType = text.plist.xml; path = "GoogleService-Info.plist"; sourceTree = "<group>"; };
		38975E1C1FA599F2007EBAE2 /* DataService.swift */ = {isa = PBXFileReference; lastKnownFileType = sourcecode.swift; path = DataService.swift; sourceTree = "<group>"; };
		38975E1E1FA7E5A3007EBAE2 /* AuthVC.swift */ = {isa = PBXFileReference; lastKnownFileType = sourcecode.swift; path = AuthVC.swift; sourceTree = "<group>"; };
		38975E201FA7E5FD007EBAE2 /* LoginVC.swift */ = {isa = PBXFileReference; lastKnownFileType = sourcecode.swift; path = LoginVC.swift; sourceTree = "<group>"; };
		38975E221FA7E687007EBAE2 /* InsetTextField.swift */ = {isa = PBXFileReference; lastKnownFileType = sourcecode.swift; path = InsetTextField.swift; sourceTree = "<group>"; };
		38975E241FA7EA6B007EBAE2 /* ShadowView.swift */ = {isa = PBXFileReference; lastKnownFileType = sourcecode.swift; path = ShadowView.swift; sourceTree = "<group>"; };
		38BAECB81FA580390059502D /* Breakpoint.app */ = {isa = PBXFileReference; explicitFileType = wrapper.application; includeInIndex = 0; path = Breakpoint.app; sourceTree = BUILT_PRODUCTS_DIR; };
		38BAECBB1FA580390059502D /* AppDelegate.swift */ = {isa = PBXFileReference; lastKnownFileType = sourcecode.swift; path = AppDelegate.swift; sourceTree = "<group>"; };
		38BAECBD1FA580390059502D /* FeedsVC.swift */ = {isa = PBXFileReference; lastKnownFileType = sourcecode.swift; path = FeedsVC.swift; sourceTree = "<group>"; };
		38BAECBF1FA580390059502D /* GroupsVC.swift */ = {isa = PBXFileReference; lastKnownFileType = sourcecode.swift; path = GroupsVC.swift; sourceTree = "<group>"; };
		38BAECC21FA580390059502D /* Base */ = {isa = PBXFileReference; lastKnownFileType = file.storyboard; name = Base; path = Base.lproj/Main.storyboard; sourceTree = "<group>"; };
		38BAECC41FA580390059502D /* Assets.xcassets */ = {isa = PBXFileReference; lastKnownFileType = folder.assetcatalog; path = Assets.xcassets; sourceTree = "<group>"; };
		38BAECC71FA580390059502D /* Base */ = {isa = PBXFileReference; lastKnownFileType = file.storyboard; name = Base; path = Base.lproj/LaunchScreen.storyboard; sourceTree = "<group>"; };
		38BAECC91FA580390059502D /* Info.plist */ = {isa = PBXFileReference; lastKnownFileType = text.plist.xml; path = Info.plist; sourceTree = "<group>"; };
		38D23B4B1FA905D100C9F2DA /* AuthService.swift */ = {isa = PBXFileReference; lastKnownFileType = sourcecode.swift; path = AuthService.swift; sourceTree = "<group>"; };
		C4FDDB706FC59AABCFAD4D6E /* Pods-Breakpoint.debug.xcconfig */ = {isa = PBXFileReference; includeInIndex = 1; lastKnownFileType = text.xcconfig; name = "Pods-Breakpoint.debug.xcconfig"; path = "Pods/Target Support Files/Pods-Breakpoint/Pods-Breakpoint.debug.xcconfig"; sourceTree = "<group>"; };
/* End PBXFileReference section */

/* Begin PBXFrameworksBuildPhase section */
		38BAECB51FA580390059502D /* Frameworks */ = {
			isa = PBXFrameworksBuildPhase;
			buildActionMask = 2147483647;
			files = (
				4E30A54E49965C8F18BADBCB /* Pods_Breakpoint.framework in Frameworks */,
			);
			runOnlyForDeploymentPostprocessing = 0;
		};
/* End PBXFrameworksBuildPhase section */

/* Begin PBXGroup section */
		38BAECAF1FA580390059502D = {
			isa = PBXGroup;
			children = (
				38BAECBA1FA580390059502D /* Breakpoint */,
				38BAECB91FA580390059502D /* Products */,
				DE973DA45F926B4850E1F425 /* Pods */,
				AF76FC7B0702D7B946BAEE73 /* Frameworks */,
			);
			sourceTree = "<group>";
		};
		38BAECB91FA580390059502D /* Products */ = {
			isa = PBXGroup;
			children = (
				38BAECB81FA580390059502D /* Breakpoint.app */,
			);
			name = Products;
			sourceTree = "<group>";
		};
		38BAECBA1FA580390059502D /* Breakpoint */ = {
			isa = PBXGroup;
			children = (
				38BAECD31FA580910059502D /* Services */,
				38BAECD21FA580830059502D /* Extensions */,
				38BAECD11FA580720059502D /* Model */,
				38BAECD01FA580660059502D /* View */,
				38BAECCF1FA580490059502D /* Controller */,
				38BAECBB1FA580390059502D /* AppDelegate.swift */,
				38BAECC11FA580390059502D /* Main.storyboard */,
				38BAECC41FA580390059502D /* Assets.xcassets */,
				38BAECC61FA580390059502D /* LaunchScreen.storyboard */,
				38BAECC91FA580390059502D /* Info.plist */,
				38975E1A1FA583B8007EBAE2 /* GoogleService-Info.plist */,
			);
			path = Breakpoint;
			sourceTree = "<group>";
		};
		38BAECCF1FA580490059502D /* Controller */ = {
			isa = PBXGroup;
			children = (
				38BAECBD1FA580390059502D /* FeedsVC.swift */,
				38BAECBF1FA580390059502D /* GroupsVC.swift */,
				38975E1E1FA7E5A3007EBAE2 /* AuthVC.swift */,
				38975E201FA7E5FD007EBAE2 /* LoginVC.swift */,
			);
			path = Controller;
			sourceTree = "<group>";
		};
		38BAECD01FA580660059502D /* View */ = {
			isa = PBXGroup;
			children = (
				38975E221FA7E687007EBAE2 /* InsetTextField.swift */,
				38975E241FA7EA6B007EBAE2 /* ShadowView.swift */,
			);
			path = View;
			sourceTree = "<group>";
		};
		38BAECD11FA580720059502D /* Model */ = {
			isa = PBXGroup;
			children = (
			);
			path = Model;
			sourceTree = "<group>";
		};
		38BAECD21FA580830059502D /* Extensions */ = {
			isa = PBXGroup;
			children = (
			);
			path = Extensions;
			sourceTree = "<group>";
		};
		38BAECD31FA580910059502D /* Services */ = {
			isa = PBXGroup;
			children = (
				38D23B4A1FA905A000C9F2DA /* New Group */,
				38975E1C1FA599F2007EBAE2 /* DataService.swift */,
				38D23B4B1FA905D100C9F2DA /* AuthService.swift */,
			);
			path = Services;
			sourceTree = "<group>";
		};
		38D23B4A1FA905A000C9F2DA /* New Group */ = {
			isa = PBXGroup;
			children = (
			);
			path = "New Group";
			sourceTree = "<group>";
		};
		AF76FC7B0702D7B946BAEE73 /* Frameworks */ = {
			isa = PBXGroup;
			children = (
				0936D8FA04CA78B19024505E /* Pods_Breakpoint.framework */,
			);
			name = Frameworks;
			sourceTree = "<group>";
		};
		DE973DA45F926B4850E1F425 /* Pods */ = {
			isa = PBXGroup;
			children = (
				C4FDDB706FC59AABCFAD4D6E /* Pods-Breakpoint.debug.xcconfig */,
				15177C986AE0E1432DC2918C /* Pods-Breakpoint.release.xcconfig */,
			);
			name = Pods;
			sourceTree = "<group>";
		};
/* End PBXGroup section */

/* Begin PBXNativeTarget section */
		38BAECB71FA580390059502D /* Breakpoint */ = {
			isa = PBXNativeTarget;
			buildConfigurationList = 38BAECCC1FA580390059502D /* Build configuration list for PBXNativeTarget "Breakpoint" */;
			buildPhases = (
				C1A40F871D1CB0EAC2A44242 /* [CP] Check Pods Manifest.lock */,
				38BAECB41FA580390059502D /* Sources */,
				38BAECB51FA580390059502D /* Frameworks */,
				38BAECB61FA580390059502D /* Resources */,
				DCABB29CFD55F7EFA630A9E5 /* [CP] Embed Pods Frameworks */,
				B8F2E8A310F7167171358E95 /* [CP] Copy Pods Resources */,
			);
			buildRules = (
			);
			dependencies = (
			);
			name = Breakpoint;
			productName = Breakpoint;
			productReference = 38BAECB81FA580390059502D /* Breakpoint.app */;
			productType = "com.apple.product-type.application";
		};
/* End PBXNativeTarget section */

/* Begin PBXProject section */
		38BAECB01FA580390059502D /* Project object */ = {
			isa = PBXProject;
			attributes = {
				LastSwiftUpdateCheck = 0900;
				LastUpgradeCheck = 0900;
				ORGANIZATIONNAME = udemy;
				TargetAttributes = {
					38BAECB71FA580390059502D = {
						CreatedOnToolsVersion = 9.0.1;
						ProvisioningStyle = Automatic;
					};
				};
			};
			buildConfigurationList = 38BAECB31FA580390059502D /* Build configuration list for PBXProject "Breakpoint" */;
			compatibilityVersion = "Xcode 8.0";
			developmentRegion = en;
			hasScannedForEncodings = 0;
			knownRegions = (
				en,
				Base,
			);
			mainGroup = 38BAECAF1FA580390059502D;
			productRefGroup = 38BAECB91FA580390059502D /* Products */;
			projectDirPath = "";
			projectRoot = "";
			targets = (
				38BAECB71FA580390059502D /* Breakpoint */,
			);
		};
/* End PBXProject section */

/* Begin PBXResourcesBuildPhase section */
		38BAECB61FA580390059502D /* Resources */ = {
			isa = PBXResourcesBuildPhase;
			buildActionMask = 2147483647;
			files = (
				38BAECC81FA580390059502D /* LaunchScreen.storyboard in Resources */,
				38975E1B1FA583B8007EBAE2 /* GoogleService-Info.plist in Resources */,
				38BAECC51FA580390059502D /* Assets.xcassets in Resources */,
				38BAECC31FA580390059502D /* Main.storyboard in Resources */,
			);
			runOnlyForDeploymentPostprocessing = 0;
		};
/* End PBXResourcesBuildPhase section */

/* Begin PBXShellScriptBuildPhase section */
		B8F2E8A310F7167171358E95 /* [CP] Copy Pods Resources */ = {
			isa = PBXShellScriptBuildPhase;
			buildActionMask = 2147483647;
			files = (
			);
			inputPaths = (
			);
			name = "[CP] Copy Pods Resources";
			outputPaths = (
			);
			runOnlyForDeploymentPostprocessing = 0;
			shellPath = /bin/sh;
			shellScript = "\"${SRCROOT}/Pods/Target Support Files/Pods-Breakpoint/Pods-Breakpoint-resources.sh\"\n";
			showEnvVarsInLog = 0;
		};
		C1A40F871D1CB0EAC2A44242 /* [CP] Check Pods Manifest.lock */ = {
			isa = PBXShellScriptBuildPhase;
			buildActionMask = 2147483647;
			files = (
			);
			inputPaths = (
				"${PODS_PODFILE_DIR_PATH}/Podfile.lock",
				"${PODS_ROOT}/Manifest.lock",
			);
			name = "[CP] Check Pods Manifest.lock";
			outputPaths = (
				"$(DERIVED_FILE_DIR)/Pods-Breakpoint-checkManifestLockResult.txt",
			);
			runOnlyForDeploymentPostprocessing = 0;
			shellPath = /bin/sh;
			shellScript = "diff \"${PODS_PODFILE_DIR_PATH}/Podfile.lock\" \"${PODS_ROOT}/Manifest.lock\" > /dev/null\nif [ $? != 0 ] ; then\n    # print error to STDERR\n    echo \"error: The sandbox is not in sync with the Podfile.lock. Run 'pod install' or update your CocoaPods installation.\" >&2\n    exit 1\nfi\n# This output is used by Xcode 'outputs' to avoid re-running this script phase.\necho \"SUCCESS\" > \"${SCRIPT_OUTPUT_FILE_0}\"\n";
			showEnvVarsInLog = 0;
		};
		DCABB29CFD55F7EFA630A9E5 /* [CP] Embed Pods Frameworks */ = {
			isa = PBXShellScriptBuildPhase;
			buildActionMask = 2147483647;
			files = (
			);
			inputPaths = (
				"${SRCROOT}/Pods/Target Support Files/Pods-Breakpoint/Pods-Breakpoint-frameworks.sh",
				"${BUILT_PRODUCTS_DIR}/GTMSessionFetcher/GTMSessionFetcher.framework",
				"${BUILT_PRODUCTS_DIR}/GoogleToolboxForMac/GoogleToolboxForMac.framework",
				"${BUILT_PRODUCTS_DIR}/leveldb-library/leveldb.framework",
				"${BUILT_PRODUCTS_DIR}/nanopb/nanopb.framework",
			);
			name = "[CP] Embed Pods Frameworks";
			outputPaths = (
				"${TARGET_BUILD_DIR}/${FRAMEWORKS_FOLDER_PATH}/GTMSessionFetcher.framework",
				"${TARGET_BUILD_DIR}/${FRAMEWORKS_FOLDER_PATH}/GoogleToolboxForMac.framework",
				"${TARGET_BUILD_DIR}/${FRAMEWORKS_FOLDER_PATH}/leveldb.framework",
				"${TARGET_BUILD_DIR}/${FRAMEWORKS_FOLDER_PATH}/nanopb.framework",
			);
			runOnlyForDeploymentPostprocessing = 0;
			shellPath = /bin/sh;
			shellScript = "\"${SRCROOT}/Pods/Target Support Files/Pods-Breakpoint/Pods-Breakpoint-frameworks.sh\"\n";
			showEnvVarsInLog = 0;
		};
/* End PBXShellScriptBuildPhase section */

/* Begin PBXSourcesBuildPhase section */
		38BAECB41FA580390059502D /* Sources */ = {
			isa = PBXSourcesBuildPhase;
			buildActionMask = 2147483647;
			files = (
				38975E1F1FA7E5A3007EBAE2 /* AuthVC.swift in Sources */,
				38BAECC01FA580390059502D /* GroupsVC.swift in Sources */,
				38975E211FA7E5FD007EBAE2 /* LoginVC.swift in Sources */,
				38BAECBC1FA580390059502D /* AppDelegate.swift in Sources */,
				38D23B4C1FA905D100C9F2DA /* AuthService.swift in Sources */,
				38BAECBE1FA580390059502D /* FeedsVC.swift in Sources */,
				38975E231FA7E687007EBAE2 /* InsetTextField.swift in Sources */,
				38975E1D1FA599F2007EBAE2 /* DataService.swift in Sources */,
			);
			runOnlyForDeploymentPostprocessing = 0;
		};
/* End PBXSourcesBuildPhase section */

/* Begin PBXVariantGroup section */
		38BAECC11FA580390059502D /* Main.storyboard */ = {
			isa = PBXVariantGroup;
			children = (
				38BAECC21FA580390059502D /* Base */,
			);
			name = Main.storyboard;
			sourceTree = "<group>";
		};
		38BAECC61FA580390059502D /* LaunchScreen.storyboard */ = {
			isa = PBXVariantGroup;
			children = (
				38BAECC71FA580390059502D /* Base */,
			);
			name = LaunchScreen.storyboard;
			sourceTree = "<group>";
		};
/* End PBXVariantGroup section */

/* Begin XCBuildConfiguration section */
		38BAECCA1FA580390059502D /* Debug */ = {
			isa = XCBuildConfiguration;
			buildSettings = {
				ALWAYS_SEARCH_USER_PATHS = NO;
				CLANG_ANALYZER_NONNULL = YES;
				CLANG_ANALYZER_NUMBER_OBJECT_CONVERSION = YES_AGGRESSIVE;
				CLANG_CXX_LANGUAGE_STANDARD = "gnu++14";
				CLANG_CXX_LIBRARY = "libc++";
				CLANG_ENABLE_MODULES = YES;
				CLANG_ENABLE_OBJC_ARC = YES;
				CLANG_WARN_BLOCK_CAPTURE_AUTORELEASING = YES;
				CLANG_WARN_BOOL_CONVERSION = YES;
				CLANG_WARN_COMMA = YES;
				CLANG_WARN_CONSTANT_CONVERSION = YES;
				CLANG_WARN_DIRECT_OBJC_ISA_USAGE = YES_ERROR;
				CLANG_WARN_DOCUMENTATION_COMMENTS = YES;
				CLANG_WARN_EMPTY_BODY = YES;
				CLANG_WARN_ENUM_CONVERSION = YES;
				CLANG_WARN_INFINITE_RECURSION = YES;
				CLANG_WARN_INT_CONVERSION = YES;
				CLANG_WARN_NON_LITERAL_NULL_CONVERSION = YES;
				CLANG_WARN_OBJC_LITERAL_CONVERSION = YES;
				CLANG_WARN_OBJC_ROOT_CLASS = YES_ERROR;
				CLANG_WARN_RANGE_LOOP_ANALYSIS = YES;
				CLANG_WARN_STRICT_PROTOTYPES = YES;
				CLANG_WARN_SUSPICIOUS_MOVE = YES;
				CLANG_WARN_UNGUARDED_AVAILABILITY = YES_AGGRESSIVE;
				CLANG_WARN_UNREACHABLE_CODE = YES;
				CLANG_WARN__DUPLICATE_METHOD_MATCH = YES;
				CODE_SIGN_IDENTITY = "iPhone Developer";
				COPY_PHASE_STRIP = NO;
				DEBUG_INFORMATION_FORMAT = dwarf;
				ENABLE_STRICT_OBJC_MSGSEND = YES;
				ENABLE_TESTABILITY = YES;
				GCC_C_LANGUAGE_STANDARD = gnu11;
				GCC_DYNAMIC_NO_PIC = NO;
				GCC_NO_COMMON_BLOCKS = YES;
				GCC_OPTIMIZATION_LEVEL = 0;
				GCC_PREPROCESSOR_DEFINITIONS = (
					"DEBUG=1",
					"$(inherited)",
				);
				GCC_WARN_64_TO_32_BIT_CONVERSION = YES;
				GCC_WARN_ABOUT_RETURN_TYPE = YES_ERROR;
				GCC_WARN_UNDECLARED_SELECTOR = YES;
				GCC_WARN_UNINITIALIZED_AUTOS = YES_AGGRESSIVE;
				GCC_WARN_UNUSED_FUNCTION = YES;
				GCC_WARN_UNUSED_VARIABLE = YES;
				IPHONEOS_DEPLOYMENT_TARGET = 11.0;
				MTL_ENABLE_DEBUG_INFO = YES;
				ONLY_ACTIVE_ARCH = YES;
				SDKROOT = iphoneos;
				SWIFT_ACTIVE_COMPILATION_CONDITIONS = DEBUG;
				SWIFT_OPTIMIZATION_LEVEL = "-Onone";
			};
			name = Debug;
		};
		38BAECCB1FA580390059502D /* Release */ = {
			isa = XCBuildConfiguration;
			buildSettings = {
				ALWAYS_SEARCH_USER_PATHS = NO;
				CLANG_ANALYZER_NONNULL = YES;
				CLANG_ANALYZER_NUMBER_OBJECT_CONVERSION = YES_AGGRESSIVE;
				CLANG_CXX_LANGUAGE_STANDARD = "gnu++14";
				CLANG_CXX_LIBRARY = "libc++";
				CLANG_ENABLE_MODULES = YES;
				CLANG_ENABLE_OBJC_ARC = YES;
				CLANG_WARN_BLOCK_CAPTURE_AUTORELEASING = YES;
				CLANG_WARN_BOOL_CONVERSION = YES;
				CLANG_WARN_COMMA = YES;
				CLANG_WARN_CONSTANT_CONVERSION = YES;
				CLANG_WARN_DIRECT_OBJC_ISA_USAGE = YES_ERROR;
				CLANG_WARN_DOCUMENTATION_COMMENTS = YES;
				CLANG_WARN_EMPTY_BODY = YES;
				CLANG_WARN_ENUM_CONVERSION = YES;
				CLANG_WARN_INFINITE_RECURSION = YES;
				CLANG_WARN_INT_CONVERSION = YES;
				CLANG_WARN_NON_LITERAL_NULL_CONVERSION = YES;
				CLANG_WARN_OBJC_LITERAL_CONVERSION = YES;
				CLANG_WARN_OBJC_ROOT_CLASS = YES_ERROR;
				CLANG_WARN_RANGE_LOOP_ANALYSIS = YES;
				CLANG_WARN_STRICT_PROTOTYPES = YES;
				CLANG_WARN_SUSPICIOUS_MOVE = YES;
				CLANG_WARN_UNGUARDED_AVAILABILITY = YES_AGGRESSIVE;
				CLANG_WARN_UNREACHABLE_CODE = YES;
				CLANG_WARN__DUPLICATE_METHOD_MATCH = YES;
				CODE_SIGN_IDENTITY = "iPhone Developer";
				COPY_PHASE_STRIP = NO;
				DEBUG_INFORMATION_FORMAT = "dwarf-with-dsym";
				ENABLE_NS_ASSERTIONS = NO;
				ENABLE_STRICT_OBJC_MSGSEND = YES;
				GCC_C_LANGUAGE_STANDARD = gnu11;
				GCC_NO_COMMON_BLOCKS = YES;
				GCC_WARN_64_TO_32_BIT_CONVERSION = YES;
				GCC_WARN_ABOUT_RETURN_TYPE = YES_ERROR;
				GCC_WARN_UNDECLARED_SELECTOR = YES;
				GCC_WARN_UNINITIALIZED_AUTOS = YES_AGGRESSIVE;
				GCC_WARN_UNUSED_FUNCTION = YES;
				GCC_WARN_UNUSED_VARIABLE = YES;
				IPHONEOS_DEPLOYMENT_TARGET = 11.0;
				MTL_ENABLE_DEBUG_INFO = NO;
				SDKROOT = iphoneos;
				SWIFT_OPTIMIZATION_LEVEL = "-Owholemodule";
				VALIDATE_PRODUCT = YES;
			};
			name = Release;
		};
		38BAECCD1FA580390059502D /* Debug */ = {
			isa = XCBuildConfiguration;
			baseConfigurationReference = C4FDDB706FC59AABCFAD4D6E /* Pods-Breakpoint.debug.xcconfig */;
			buildSettings = {
				ASSETCATALOG_COMPILER_APPICON_NAME = AppIcon;
				CODE_SIGN_STYLE = Automatic;
				INFOPLIST_FILE = Breakpoint/Info.plist;
				LD_RUNPATH_SEARCH_PATHS = "$(inherited) @executable_path/Frameworks";
				PRODUCT_BUNDLE_IDENTIFIER = com.udemy.Breakpoint;
				PRODUCT_NAME = "$(TARGET_NAME)";
				SWIFT_VERSION = 4.0;
				TARGETED_DEVICE_FAMILY = "1,2";
			};
			name = Debug;
		};
		38BAECCE1FA580390059502D /* Release */ = {
			isa = XCBuildConfiguration;
			baseConfigurationReference = 15177C986AE0E1432DC2918C /* Pods-Breakpoint.release.xcconfig */;
			buildSettings = {
				ASSETCATALOG_COMPILER_APPICON_NAME = AppIcon;
				CODE_SIGN_STYLE = Automatic;
				INFOPLIST_FILE = Breakpoint/Info.plist;
				LD_RUNPATH_SEARCH_PATHS = "$(inherited) @executable_path/Frameworks";
				PRODUCT_BUNDLE_IDENTIFIER = com.udemy.Breakpoint;
				PRODUCT_NAME = "$(TARGET_NAME)";
				SWIFT_VERSION = 4.0;
				TARGETED_DEVICE_FAMILY = "1,2";
			};
			name = Release;
		};
/* End XCBuildConfiguration section */

/* Begin XCConfigurationList section */
		38BAECB31FA580390059502D /* Build configuration list for PBXProject "Breakpoint" */ = {
			isa = XCConfigurationList;
			buildConfigurations = (
				38BAECCA1FA580390059502D /* Debug */,
				38BAECCB1FA580390059502D /* Release */,
			);
			defaultConfigurationIsVisible = 0;
			defaultConfigurationName = Release;
		};
		38BAECCC1FA580390059502D /* Build configuration list for PBXNativeTarget "Breakpoint" */ = {
			isa = XCConfigurationList;
			buildConfigurations = (
				38BAECCD1FA580390059502D /* Debug */,
				38BAECCE1FA580390059502D /* Release */,
			);
			defaultConfigurationIsVisible = 0;
			defaultConfigurationName = Release;
		};
/* End XCConfigurationList section */
	};
	rootObject = 38BAECB01FA580390059502D /* Project object */;
}
